
Microsoft Visual Studio Solution File, Format Version 12.00
# Visual Studio Version 16
VisualStudioVersion = 16.0.30503.244
MinimumVisualStudioVersion = 10.0.40219.1
Project("{FAE04EC0-301F-11D3-BF4B-00C04F79EFBC}") = "Moto.Data", "Moto.Data\Moto.Data\Moto.Data.csproj", "{F892400A-049B-4A10-92A8-819A2953BE40}"
EndProject
Project("{FAE04EC0-301F-11D3-BF4B-00C04F79EFBC}") = "Moto.Data.Tests", "Moto.Data.Tests\Moto.Data.Tests\Moto.Data.Tests.csproj", "{DAFE5F89-AD81-4708-9975-29FCBC2CB714}"
EndProject
Project("{FAE04EC0-301F-11D3-BF4B-00C04F79EFBC}") = "PMotoWpf", "PMotoWpf\WpfApp1\PMotoWpf.csproj", "{61708AAE-A644-4CCF-8E3C-E6858D973564}"
EndProject
Project("{FAE04EC0-301F-11D3-BF4B-00C04F79EFBC}") = "PMotoWeb", "PMotoWeb\PMotoWeb.csproj", "{5CBDC466-4B6B-4BF1-AD10-19D5587615FB}"
EndProject
Global
	GlobalSection(SolutionConfigurationPlatforms) = preSolution
		Debug|Any CPU = Debug|Any CPU
		Release|Any CPU = Release|Any CPU
	EndGlobalSection
	GlobalSection(ProjectConfigurationPlatforms) = postSolution
		{F892400A-049B-4A10-92A8-819A2953BE40}.Debug|Any CPU.ActiveCfg = Debug|Any CPU
		{F892400A-049B-4A10-92A8-819A2953BE40}.Debug|Any CPU.Build.0 = Debug|Any CPU
		{F892400A-049B-4A10-92A8-819A2953BE40}.Release|Any CPU.ActiveCfg = Release|Any CPU
		{F892400A-049B-4A10-92A8-819A2953BE40}.Release|Any CPU.Build.0 = Release|Any CPU
		{DAFE5F89-AD81-4708-9975-29FCBC2CB714}.Debug|Any CPU.ActiveCfg = Debug|Any CPU
		{DAFE5F89-AD81-4708-9975-29FCBC2CB714}.Debug|Any CPU.Build.0 = Debug|Any CPU
		{DAFE5F89-AD81-4708-9975-29FCBC2CB714}.Release|Any CPU.ActiveCfg = Release|Any CPU
		{DAFE5F89-AD81-4708-9975-29FCBC2CB714}.Release|Any CPU.Build.0 = Release|Any CPU
		{61708AAE-A644-4CCF-8E3C-E6858D973564}.Debug|Any CPU.ActiveCfg = Debug|Any CPU
		{61708AAE-A644-4CCF-8E3C-E6858D973564}.Debug|Any CPU.Build.0 = Debug|Any CPU
		{61708AAE-A644-4CCF-8E3C-E6858D973564}.Release|Any CPU.ActiveCfg = Release|Any CPU
		{61708AAE-A644-4CCF-8E3C-E6858D973564}.Release|Any CPU.Build.0 = Release|Any CPU
		{5CBDC466-4B6B-4BF1-AD10-19D5587615FB}.Debug|Any CPU.ActiveCfg = Debug|Any CPU
		{5CBDC466-4B6B-4BF1-AD10-19D5587615FB}.Debug|Any CPU.Build.0 = Debug|Any CPU
		{5CBDC466-4B6B-4BF1-AD10-19D5587615FB}.Release|Any CPU.ActiveCfg = Release|Any CPU
		{5CBDC466-4B6B-4BF1-AD10-19D5587615FB}.Release|Any CPU.Build.0 = Release|Any CPU
	EndGlobalSection
	GlobalSection(SolutionProperties) = preSolution
		HideSolutionNode = FALSE
	EndGlobalSection
	GlobalSection(ExtensibilityGlobals) = postSolution
		SolutionGuid = {55409F6D-C6CD-4D6D-B70D-98CD438B6499}
	EndGlobalSection
EndGlobal
